<?xml version="1.0" encoding="utf-8"?>
<Project ToolsVersion="4.0" xmlns="http://schemas.microsoft.com/developer/msbuild/2003">
  <ItemGroup>
    <ClCompile Include="game.cpp" />
    <ClCompile Include="surface.cpp">
      <Filter>template code</Filter>
    </ClCompile>
    <ClCompile Include="template.cpp">
      <Filter>template code</Filter>
    </ClCompile>
    <ClCompile Include="Engine\FSM\FSM.cpp">
      <Filter>Private\Engine\FSM</Filter>
    </ClCompile>
    <ClCompile Include="Engine\FSM\TransitionBase.cpp">
      <Filter>Private\Engine\FSM</Filter>
    </ClCompile>
    <ClCompile Include="Engine\MissionBase.cpp">
      <Filter>Private\Engine</Filter>
    </ClCompile>
    <ClCompile Include="Engine\GameObject.cpp">
      <Filter>Private\Engine</Filter>
    </ClCompile>
    <ClCompile Include="Engine\Level.cpp">
      <Filter>Private\Engine</Filter>
    </ClCompile>
    <ClCompile Include="Engine\TypeInfo\PropInfo.cpp">
      <Filter>Private\Engine\TypeInfo</Filter>
    </ClCompile>
    <ClCompile Include="Engine\TypeInfo\Type.cpp">
      <Filter>Private\Engine\TypeInfo</Filter>
    </ClCompile>
    <ClCompile Include="Engine\TypeInfo\Reflections.cpp">
      <Filter>Private\Engine\TypeInfo</Filter>
    </ClCompile>
    <ClCompile Include="Engine\TypeInfo\TypeConverters.cpp">
      <Filter>Private\Engine\TypeInfo</Filter>
    </ClCompile>
    <ClCompile Include="Engine\Component.cpp">
      <Filter>Private\Engine</Filter>
    </ClCompile>
    <ClCompile Include="Engine\AssetManager.cpp">
      <Filter>Private\Engine</Filter>
    </ClCompile>
    <ClCompile Include="Engine\UI\UIButton.cpp">
      <Filter>Private\Engine\UI</Filter>
    </ClCompile>
    <ClCompile Include="Engine\UI\UIContainer.cpp">
      <Filter>Private\Engine\UI</Filter>
    </ClCompile>
    <ClCompile Include="Engine\UI\UIElement.cpp">
      <Filter>Private\Engine\UI</Filter>
    </ClCompile>
    <ClCompile Include="Engine\UI\UIHelpers.cpp">
      <Filter>Private\Engine\UI</Filter>
    </ClCompile>
    <ClCompile Include="Game\Style.cpp">
      <Filter>Private\Game</Filter>
    </ClCompile>
    <ClCompile Include="Engine\EngineGlobal.cpp">
      <Filter>Private\Engine</Filter>
    </ClCompile>
    <ClCompile Include="Game\GameLevel.cpp">
      <Filter>Private\Game</Filter>
    </ClCompile>
    <ClCompile Include="Engine\FSM\Event.cpp">
      <Filter>Private\Engine\FSM</Filter>
    </ClCompile>
    <ClCompile Include="Engine\FSM\State.cpp">
      <Filter>Private\Engine\FSM</Filter>
    </ClCompile>
    <ClCompile Include="Game\GameStates\BuildingState.cpp">
      <Filter>Private\Game\GameStates</Filter>
    </ClCompile>
    <ClCompile Include="Game\GameStates\PlayingState.cpp">
      <Filter>Private\Game\GameStates</Filter>
    </ClCompile>
    <ClCompile Include="Engine\UI\UIText.cpp">
      <Filter>Private\Engine\UI</Filter>
    </ClCompile>
    <ClCompile Include="Game\Events\StartBuildEvent.cpp">
      <Filter>Private\Game\Events</Filter>
    </ClCompile>
    <ClCompile Include="Game\gamestates\GameFSM.cpp">
      <Filter>Private\Game\GameStates</Filter>
    </ClCompile>
    <ClCompile Include="Game\Events\PlaceBuildingEvent.cpp">
      <Filter>Private\Game\Events</Filter>
    </ClCompile>
    <ClCompile Include="Game\Mob.cpp">
      <Filter>Private\Game</Filter>
    </ClCompile>
    <ClCompile Include="Game\TowerStates\TowerIdleState.cpp">
      <Filter>Private\Game\TowerStates</Filter>
    </ClCompile>
    <ClCompile Include="Game\Events\TargetFoundEvent.cpp">
      <Filter>Private\Game\Events</Filter>
    </ClCompile>
    <ClCompile Include="Game\Events\TargetLostEvent.cpp">
      <Filter>Private\Game\Events</Filter>
    </ClCompile>
    <ClCompile Include="Game\gamestates\GameState.cpp">
      <Filter>Private\Game\GameStates</Filter>
    </ClCompile>
    <ClCompile Include="Engine\LevelHelper.cpp">
      <Filter>Private\Engine</Filter>
    </ClCompile>
    <ClCompile Include="Game\TowerStates\TowerState.cpp">
      <Filter>Private\Game\TowerStates</Filter>
    </ClCompile>
    <ClCompile Include="Game\TowerStates\TowerAtackingState.cpp">
      <Filter>Private\Game\TowerStates</Filter>
    </ClCompile>
    <ClCompile Include="Game\TowerStates\TowerFSM.cpp">
      <Filter>Private\Game\TowerStates</Filter>
    </ClCompile>
    <ClCompile Include="Game\Tower.cpp">
      <Filter>Private\Game</Filter>
    </ClCompile>
    <ClCompile Include="Engine\UI\UIImage.cpp">
      <Filter>Private\Engine\UI</Filter>
    </ClCompile>
    <ClCompile Include="Game\MainMenu.cpp">
      <Filter>Private\Game</Filter>
    </ClCompile>
  </ItemGroup>
  <ItemGroup>
    <ClInclude Include="game.h" />
    <ClInclude Include="surface.h">
      <Filter>template code</Filter>
    </ClInclude>
    <ClInclude Include="template.h">
      <Filter>template code</Filter>
    </ClInclude>
    <ClInclude Include="Engine\FSM\FSM.h">
      <Filter>Public\Engine\FSM</Filter>
    </ClInclude>
    <ClInclude Include="Engine\MissionBase.h">
      <Filter>Public\Engine</Filter>
    </ClInclude>
    <ClInclude Include="Engine\Level.h">
      <Filter>Public\Engine</Filter>
    </ClInclude>
    <ClInclude Include="Engine\TypeInfo\Type.h">
      <Filter>Public\Engine\TypeInfo</Filter>
    </ClInclude>
    <ClInclude Include="Engine\TypeInfo\PropInfo.h">
      <Filter>Public\Engine\TypeInfo</Filter>
    </ClInclude>
    <ClInclude Include="Engine\TypeInfo\Reflections.h">
      <Filter>Public\Engine\TypeInfo</Filter>
    </ClInclude>
    <ClInclude Include="Engine\GameObject.h">
      <Filter>Public\Engine</Filter>
    </ClInclude>
    <ClInclude Include="lib\nlohmann\detail\meta\detected.hpp">
      <Filter>Libs\Json</Filter>
    </ClInclude>
    <ClInclude Include="lib\nlohmann\adl_serializer.hpp">
      <Filter>Libs\Json</Filter>
    </ClInclude>
    <ClInclude Include="lib\nlohmann\detail\input\binary_reader.hpp">
      <Filter>Libs\Json</Filter>
    </ClInclude>
    <ClInclude Include="lib\nlohmann\detail\output\binary_writer.hpp">
      <Filter>Libs\Json</Filter>
    </ClInclude>
    <ClInclude Include="lib\nlohmann\byte_container_with_subtype.hpp">
      <Filter>Libs\Json</Filter>
    </ClInclude>
    <ClInclude Include="lib\nlohmann\detail\meta\cpp_future.hpp">
      <Filter>Libs\Json</Filter>
    </ClInclude>
    <ClInclude Include="lib\nlohmann\detail\exceptions.hpp">
      <Filter>Libs\Json</Filter>
    </ClInclude>
    <ClInclude Include="lib\nlohmann\detail\conversions\from_json.hpp">
      <Filter>Libs\Json</Filter>
    </ClInclude>
    <ClInclude Include="lib\nlohmann\detail\hash.hpp">
      <Filter>Libs\Json</Filter>
    </ClInclude>
    <ClInclude Include="lib\nlohmann\thirdparty\hedley\hedley.hpp">
      <Filter>Libs\Json</Filter>
    </ClInclude>
    <ClInclude Include="lib\nlohmann\thirdparty\hedley\hedley_undef.hpp">
      <Filter>Libs\Json</Filter>
    </ClInclude>
    <ClInclude Include="lib\nlohmann\detail\input\input_adapters.hpp">
      <Filter>Libs\Json</Filter>
    </ClInclude>
    <ClInclude Include="lib\nlohmann\detail\iterators\internal_iterator.hpp">
      <Filter>Libs\Json</Filter>
    </ClInclude>
    <ClInclude Include="lib\nlohmann\detail\meta\is_sax.hpp">
      <Filter>Libs\Json</Filter>
    </ClInclude>
    <ClInclude Include="lib\nlohmann\detail\iterators\iter_impl.hpp">
      <Filter>Libs\Json</Filter>
    </ClInclude>
    <ClInclude Include="lib\nlohmann\detail\iterators\iteration_proxy.hpp">
      <Filter>Libs\Json</Filter>
    </ClInclude>
    <ClInclude Include="lib\nlohmann\detail\iterators\iterator_traits.hpp">
      <Filter>Libs\Json</Filter>
    </ClInclude>
    <ClInclude Include="lib\nlohmann\json.hpp">
      <Filter>Libs\Json</Filter>
    </ClInclude>
    <ClInclude Include="lib\nlohmann\json_fwd.hpp">
      <Filter>Libs\Json</Filter>
    </ClInclude>
    <ClInclude Include="lib\nlohmann\detail\json_pointer.hpp">
      <Filter>Libs\Json</Filter>
    </ClInclude>
    <ClInclude Include="lib\nlohmann\detail\json_ref.hpp">
      <Filter>Libs\Json</Filter>
    </ClInclude>
    <ClInclude Include="lib\nlohmann\detail\iterators\json_reverse_iterator.hpp">
      <Filter>Libs\Json</Filter>
    </ClInclude>
    <ClInclude Include="lib\nlohmann\detail\input\json_sax.hpp">
      <Filter>Libs\Json</Filter>
    </ClInclude>
    <ClInclude Include="lib\nlohmann\detail\input\lexer.hpp">
      <Filter>Libs\Json</Filter>
    </ClInclude>
    <ClInclude Include="lib\nlohmann\detail\macro_scope.hpp">
      <Filter>Libs\Json</Filter>
    </ClInclude>
    <ClInclude Include="lib\nlohmann\detail\macro_unscope.hpp">
      <Filter>Libs\Json</Filter>
    </ClInclude>
    <ClInclude Include="lib\nlohmann\ordered_map.hpp">
      <Filter>Libs\Json</Filter>
    </ClInclude>
    <ClInclude Include="lib\nlohmann\detail\output\output_adapters.hpp">
      <Filter>Libs\Json</Filter>
    </ClInclude>
    <ClInclude Include="lib\nlohmann\detail\input\parser.hpp">
      <Filter>Libs\Json</Filter>
    </ClInclude>
    <ClInclude Include="lib\nlohmann\detail\input\position_t.hpp">
      <Filter>Libs\Json</Filter>
    </ClInclude>
    <ClInclude Include="lib\nlohmann\detail\iterators\primitive_iterator.hpp">
      <Filter>Libs\Json</Filter>
    </ClInclude>
    <ClInclude Include="lib\nlohmann\detail\output\serializer.hpp">
      <Filter>Libs\Json</Filter>
    </ClInclude>
    <ClInclude Include="lib\nlohmann\detail\conversions\to_chars.hpp">
      <Filter>Libs\Json</Filter>
    </ClInclude>
    <ClInclude Include="lib\nlohmann\detail\conversions\to_json.hpp">
      <Filter>Libs\Json</Filter>
    </ClInclude>
    <ClInclude Include="lib\nlohmann\detail\meta\type_traits.hpp">
      <Filter>Libs\Json</Filter>
    </ClInclude>
    <ClInclude Include="lib\nlohmann\detail\value_t.hpp">
      <Filter>Libs\Json</Filter>
    </ClInclude>
    <ClInclude Include="lib\nlohmann\detail\meta\void_t.hpp">
      <Filter>Libs\Json</Filter>
    </ClInclude>
    <ClInclude Include="Engine\TypeInfo\TypeConverters.h">
      <Filter>Public\Engine\TypeInfo</Filter>
    </ClInclude>
    <ClInclude Include="Engine\Component.h">
      <Filter>Public\Engine</Filter>
    </ClInclude>
    <ClInclude Include="Game\Style.h">
      <Filter>Public\Game</Filter>
    </ClInclude>
    <ClInclude Include="Engine\AssetManager.h">
      <Filter>Public\Engine</Filter>
    </ClInclude>
    <ClInclude Include="Engine\UI\UiButton.h">
      <Filter>Public\Engine\UI</Filter>
    </ClInclude>
    <ClInclude Include="Engine\UI\UIContainer.h">
      <Filter>Public\Engine\UI</Filter>
    </ClInclude>
    <ClInclude Include="Engine\UI\UIHelpers.h">
      <Filter>Public\Engine\UI</Filter>
    </ClInclude>
    <ClInclude Include="Engine\EngineGlobal.h">
      <Filter>Public\Engine</Filter>
    </ClInclude>
    <ClInclude Include="Game\GameLevel.h">
      <Filter>Public\Game</Filter>
    </ClInclude>
    <ClInclude Include="Engine\FSM\Transition.h">
      <Filter>Public\Engine\FSM</Filter>
    </ClInclude>
    <ClInclude Include="Engine\FSM\Event.h">
      <Filter>Public\Engine\FSM</Filter>
    </ClInclude>
    <ClInclude Include="Engine\FSM\State.h">
      <Filter>Public\Engine\FSM</Filter>
    </ClInclude>
    <ClInclude Include="Engine\UI\UIElement.h">
      <Filter>Public\Engine\UI</Filter>
    </ClInclude>
    <ClInclude Include="Engine\UI\UIText.h">
      <Filter>Public\Engine\UI</Filter>
    </ClInclude>
    <ClInclude Include="Game\Events\StartBuildEvent.h">
      <Filter>Public\Game\Events</Filter>
    </ClInclude>
    <ClInclude Include="Game\GameStates\BuildingState.h">
      <Filter>Public\Game\GameStates</Filter>
    </ClInclude>
    <ClInclude Include="Game\GameStates\PlayingState.h">
      <Filter>Public\Game\GameStates</Filter>
    </ClInclude>
    <ClInclude Include="Game\gamestates\GameFSM.h">
      <Filter>Public\Game\GameStates</Filter>
    </ClInclude>
    <ClInclude Include="Game\Events\PlaceBuildingEvent.h">
      <Filter>Public\Game\Events</Filter>
    </ClInclude>
    <ClInclude Include="Game\Mob.h">
      <Filter>Public\Game</Filter>
    </ClInclude>
    <ClInclude Include="Game\TowerStates\TowerIdleState.h">
      <Filter>Public\Game\TowerStates</Filter>
    </ClInclude>
    <ClInclude Include="Game\TowerStates\TowerAtackingState.h">
      <Filter>Public\Game\TowerStates</Filter>
    </ClInclude>
    <ClInclude Include="Game\TowerStates\TowerState.h">
      <Filter>Public\Game\TowerStates</Filter>
    </ClInclude>
    <ClInclude Include="Game\Events\TargetFoundEvent.h">
      <Filter>Public\Game\Events</Filter>
    </ClInclude>
    <ClInclude Include="Game\Events\TargetLostEvent.h">
      <Filter>Public\Game\Events</Filter>
    </ClInclude>
    <ClInclude Include="Game\Tower.h">
      <Filter>Public\Game</Filter>
    </ClInclude>
    <ClInclude Include="Game\TowerStates\TowerFSM.h">
      <Filter>Public\Game\TowerStates</Filter>
    </ClInclude>
    <ClInclude Include="Game\GameStates\GameState.h">
      <Filter>Public\Game\GameStates</Filter>
    </ClInclude>
    <ClInclude Include="Engine\LevelHelper.h">
      <Filter>Public\Engine</Filter>
    </ClInclude>
    <ClInclude Include="Engine\UI\UIImage.h">
      <Filter>Public\Engine\UI</Filter>
    </ClInclude>
    <ClInclude Include="Game\MainMenu.h">
      <Filter>Public\Game</Filter>
    </ClInclude>
  </ItemGroup>
  <ItemGroup>
    <Filter Include="template code">
      <UniqueIdentifier>{bf32dd6e-4be7-4889-8ac6-49e7ee163c40}</UniqueIdentifier>
    </Filter>
    <Filter Include="Public">
      <UniqueIdentifier>{33d4b0dd-c1e5-44f9-8b29-6eb18a385841}</UniqueIdentifier>
    </Filter>
    <Filter Include="Public\Engine">
      <UniqueIdentifier>{99d98976-ccd1-44ed-84ff-febe465c5fb9}</UniqueIdentifier>
    </Filter>
    <Filter Include="Public\Engine\FSM">
      <UniqueIdentifier>{0a1336f2-128e-4f89-b891-888289a7b098}</UniqueIdentifier>
    </Filter>
    <Filter Include="Private">
      <UniqueIdentifier>{d5e8a783-a13e-4c74-8e40-1661d5e17d2b}</UniqueIdentifier>
    </Filter>
    <Filter Include="Private\Engine">
      <UniqueIdentifier>{566fb9dc-e991-4104-8414-b6cce12aff62}</UniqueIdentifier>
    </Filter>
    <Filter Include="Private\Engine\FSM">
      <UniqueIdentifier>{aaacf8d1-5c12-43c8-b15d-e3170299c634}</UniqueIdentifier>
    </Filter>
    <Filter Include="Public\Game">
      <UniqueIdentifier>{84b84ffa-fa20-4c77-aac6-f213ea7ef61f}</UniqueIdentifier>
    </Filter>
    <Filter Include="Private\Engine\TypeInfo">
      <UniqueIdentifier>{119da204-f7c0-46c2-b30f-aa255f52befc}</UniqueIdentifier>
    </Filter>
    <Filter Include="Public\Engine\TypeInfo">
      <UniqueIdentifier>{dc198ac6-d029-4b35-865a-6992c56e3125}</UniqueIdentifier>
    </Filter>
    <Filter Include="Private\Game">
      <UniqueIdentifier>{0ff0010b-e6ab-4ff7-a8ae-2180285a2556}</UniqueIdentifier>
    </Filter>
    <Filter Include="Private\Game\GameStates">
      <UniqueIdentifier>{78b3a79b-ae0c-400d-a153-8a6558d56595}</UniqueIdentifier>
    </Filter>
    <Filter Include="Libs">
      <UniqueIdentifier>{966db459-da8b-41a5-bf43-f538e0ef1401}</UniqueIdentifier>
    </Filter>
    <Filter Include="Libs\Json">
      <UniqueIdentifier>{a1766567-0a3b-43a1-bfec-6eba3c876f8c}</UniqueIdentifier>
    </Filter>
    <Filter Include="Public\Engine\UI">
      <UniqueIdentifier>{9c517a87-428e-419b-af24-4f7301152c41}</UniqueIdentifier>
    </Filter>
    <Filter Include="Private\Engine\UI">
      <UniqueIdentifier>{93d6ab94-ab2a-4a4f-a5ff-7e083a2abcf3}</UniqueIdentifier>
    </Filter>
    <Filter Include="Public\Game\Events">
      <UniqueIdentifier>{1c2a9245-441c-41d3-90bc-9f343985191f}</UniqueIdentifier>
    </Filter>
    <Filter Include="Private\Game\Events">
      <UniqueIdentifier>{ddd69884-65e2-4299-ba70-3eb1b3709ca6}</UniqueIdentifier>
    </Filter>
    <Filter Include="Public\Game\GameStates">
      <UniqueIdentifier>{91652c41-72a0-4417-a1e4-e9094ad65ec1}</UniqueIdentifier>
    </Filter>
    <Filter Include="Public\Game\TowerStates">
      <UniqueIdentifier>{27a0b7f5-b53f-4507-a7ab-ccd27360cd2b}</UniqueIdentifier>
    </Filter>
    <Filter Include="Private\Game\TowerStates">
      <UniqueIdentifier>{d730204b-1af3-49cf-bfb5-254503e599d9}</UniqueIdentifier>
    </Filter>
  </ItemGroup>
  <ItemGroup>
    <Text Include="_readme.txt">
      <Filter>template code</Filter>
    </Text>
  </ItemGroup>
  <ItemGroup>
    <None Include="cpp.hint" />
  </ItemGroup>
</Project>